// !$*UTF8*$!
{
	archiveVersion = 1;
	classes = {
	};
	objectVersion = 56;
	objects = {

/* Begin PBXBuildFile section */
		BA0934562BF71291000ACB40 /* AppDelegate.swift in Sources */ = {isa = PBXBuildFile; fileRef = BA0934552BF71291000ACB40 /* AppDelegate.swift */; };
		BA0934582BF71291000ACB40 /* SceneDelegate.swift in Sources */ = {isa = PBXBuildFile; fileRef = BA0934572BF71291000ACB40 /* SceneDelegate.swift */; };
		BA09345A2BF71291000ACB40 /* LandmaksViewController.swift in Sources */ = {isa = PBXBuildFile; fileRef = BA0934592BF71291000ACB40 /* LandmaksViewController.swift */; };
		BA09345D2BF71291000ACB40 /* Base in Resources */ = {isa = PBXBuildFile; fileRef = BA09345C2BF71291000ACB40 /* Base */; };
		BA09345F2BF71292000ACB40 /* Assets.xcassets in Resources */ = {isa = PBXBuildFile; fileRef = BA09345E2BF71292000ACB40 /* Assets.xcassets */; };
		BA0934622BF71292000ACB40 /* Base in Resources */ = {isa = PBXBuildFile; fileRef = BA0934612BF71292000ACB40 /* Base */; };
		BA0934712BF71A3E000ACB40 /* LandmaksViewModel.swift in Sources */ = {isa = PBXBuildFile; fileRef = BA0934702BF71A3E000ACB40 /* LandmaksViewModel.swift */; };
		BA0934732BF71A7E000ACB40 /* LandmaksCollectionViewCell.swift in Sources */ = {isa = PBXBuildFile; fileRef = BA0934722BF71A7E000ACB40 /* LandmaksCollectionViewCell.swift */; };
		BA0934762BF7221B000ACB40 /* LandmaksEnum.swift in Sources */ = {isa = PBXBuildFile; fileRef = BA0934752BF7221B000ACB40 /* LandmaksEnum.swift */; };
		BA0934792BF72376000ACB40 /* LandmaksViewLayouts.swift in Sources */ = {isa = PBXBuildFile; fileRef = BA0934782BF72376000ACB40 /* LandmaksViewLayouts.swift */; };
		BA09347B2BF726D2000ACB40 /* LandmaksModel.swift in Sources */ = {isa = PBXBuildFile; fileRef = BA09347A2BF726D2000ACB40 /* LandmaksModel.swift */; };
		BA09347D2BF72EF4000ACB40 /* landmarkData.json in Resources */ = {isa = PBXBuildFile; fileRef = BA09347C2BF72EF4000ACB40 /* landmarkData.json */; };
/* End PBXBuildFile section */

/* Begin PBXFileReference section */
		BA0934522BF71291000ACB40 /* Landmaks.app */ = {isa = PBXFileReference; explicitFileType = wrapper.application; includeInIndex = 0; path = Landmaks.app; sourceTree = BUILT_PRODUCTS_DIR; };
		BA0934552BF71291000ACB40 /* AppDelegate.swift */ = {isa = PBXFileReference; lastKnownFileType = sourcecode.swift; path = AppDelegate.swift; sourceTree = "<group>"; };
		BA0934572BF71291000ACB40 /* SceneDelegate.swift */ = {isa = PBXFileReference; lastKnownFileType = sourcecode.swift; path = SceneDelegate.swift; sourceTree = "<group>"; };
		BA0934592BF71291000ACB40 /* LandmaksViewController.swift */ = {isa = PBXFileReference; lastKnownFileType = sourcecode.swift; path = LandmaksViewController.swift; sourceTree = "<group>"; };
		BA09345C2BF71291000ACB40 /* Base */ = {isa = PBXFileReference; lastKnownFileType = file.storyboard; name = Base; path = Base.lproj/Main.storyboard; sourceTree = "<group>"; };
		BA09345E2BF71292000ACB40 /* Assets.xcassets */ = {isa = PBXFileReference; lastKnownFileType = folder.assetcatalog; path = Assets.xcassets; sourceTree = "<group>"; };
		BA0934612BF71292000ACB40 /* Base */ = {isa = PBXFileReference; lastKnownFileType = file.storyboard; name = Base; path = Base.lproj/LaunchScreen.storyboard; sourceTree = "<group>"; };
		BA0934632BF71292000ACB40 /* Info.plist */ = {isa = PBXFileReference; lastKnownFileType = text.plist.xml; path = Info.plist; sourceTree = "<group>"; };
		BA0934702BF71A3E000ACB40 /* LandmaksViewModel.swift */ = {isa = PBXFileReference; lastKnownFileType = sourcecode.swift; path = LandmaksViewModel.swift; sourceTree = "<group>"; };
		BA0934722BF71A7E000ACB40 /* LandmaksCollectionViewCell.swift */ = {isa = PBXFileReference; lastKnownFileType = sourcecode.swift; path = LandmaksCollectionViewCell.swift; sourceTree = "<group>"; };
		BA0934752BF7221B000ACB40 /* LandmaksEnum.swift */ = {isa = PBXFileReference; lastKnownFileType = sourcecode.swift; path = LandmaksEnum.swift; sourceTree = "<group>"; };
		BA0934782BF72376000ACB40 /* LandmaksViewLayouts.swift */ = {isa = PBXFileReference; lastKnownFileType = sourcecode.swift; path = LandmaksViewLayouts.swift; sourceTree = "<group>"; };
		BA09347A2BF726D2000ACB40 /* LandmaksModel.swift */ = {isa = PBXFileReference; lastKnownFileType = sourcecode.swift; path = LandmaksModel.swift; sourceTree = "<group>"; };
		BA09347C2BF72EF4000ACB40 /* landmarkData.json */ = {isa = PBXFileReference; fileEncoding = 4; lastKnownFileType = text.json; path = landmarkData.json; sourceTree = "<group>"; };
/* End PBXFileReference section */

/* Begin PBXFrameworksBuildPhase section */
		BA09344F2BF71291000ACB40 /* Frameworks */ = {
			isa = PBXFrameworksBuildPhase;
			buildActionMask = 2147483647;
			files = (
			);
			runOnlyForDeploymentPostprocessing = 0;
		};
/* End PBXFrameworksBuildPhase section */

/* Begin PBXGroup section */
		BA0934492BF71291000ACB40 = {
			isa = PBXGroup;
			children = (
				BA0934542BF71291000ACB40 /* Landmaks */,
				BA0934532BF71291000ACB40 /* Products */,
			);
			sourceTree = "<group>";
		};
		BA0934532BF71291000ACB40 /* Products */ = {
			isa = PBXGroup;
			children = (
				BA0934522BF71291000ACB40 /* Landmaks.app */,
			);
			name = Products;
			sourceTree = "<group>";
		};
		BA0934542BF71291000ACB40 /* Landmaks */ = {
			isa = PBXGroup;
			children = (
				BA0934772BF72229000ACB40 /* Enum */,
				BA09346F2BF719CB000ACB40 /* Assets */,
				BA09346E2BF71965000ACB40 /* Controller */,
				BA09346D2BF718D3000ACB40 /* View */,
				BA09346C2BF718C8000ACB40 /* ViewModel */,
				BA09346B2BF718C0000ACB40 /* Model */,
				BA0934552BF71291000ACB40 /* AppDelegate.swift */,
				BA0934572BF71291000ACB40 /* SceneDelegate.swift */,
				BA09345B2BF71291000ACB40 /* Main.storyboard */,
				BA0934602BF71292000ACB40 /* LaunchScreen.storyboard */,
				BA0934632BF71292000ACB40 /* Info.plist */,
			);
			path = Landmaks;
			sourceTree = "<group>";
		};
		BA09346B2BF718C0000ACB40 /* Model */ = {
			isa = PBXGroup;
			children = (
				BA09347A2BF726D2000ACB40 /* LandmaksModel.swift */,
			);
			path = Model;
			sourceTree = "<group>";
		};
		BA09346C2BF718C8000ACB40 /* ViewModel */ = {
			isa = PBXGroup;
			children = (
				BA0934702BF71A3E000ACB40 /* LandmaksViewModel.swift */,
			);
			path = ViewModel;
			sourceTree = "<group>";
		};
		BA09346D2BF718D3000ACB40 /* View */ = {
			isa = PBXGroup;
			children = (
				BA0934742BF7214D000ACB40 /* Layouts */,
				BA0934722BF71A7E000ACB40 /* LandmaksCollectionViewCell.swift */,
			);
			path = View;
			sourceTree = "<group>";
		};
		BA09346E2BF71965000ACB40 /* Controller */ = {
			isa = PBXGroup;
			children = (
				BA0934592BF71291000ACB40 /* LandmaksViewController.swift */,
			);
			path = Controller;
			sourceTree = "<group>";
		};
		BA09346F2BF719CB000ACB40 /* Assets */ = {
			isa = PBXGroup;
			children = (
				BA09347C2BF72EF4000ACB40 /* landmarkData.json */,
				BA09345E2BF71292000ACB40 /* Assets.xcassets */,
			);
			path = Assets;
			sourceTree = "<group>";
		};
		BA0934742BF7214D000ACB40 /* Layouts */ = {
			isa = PBXGroup;
			children = (
				BA0934782BF72376000ACB40 /* LandmaksViewLayouts.swift */,
			);
			path = Layouts;
			sourceTree = "<group>";
		};
		BA0934772BF72229000ACB40 /* Enum */ = {
			isa = PBXGroup;
			children = (
				BA0934752BF7221B000ACB40 /* LandmaksEnum.swift */,
			);
			path = Enum;
			sourceTree = "<group>";
		};
/* End PBXGroup section */

/* Begin PBXNativeTarget section */
		BA0934512BF71291000ACB40 /* Landmaks */ = {
			isa = PBXNativeTarget;
			buildConfigurationList = BA0934662BF71292000ACB40 /* Build configuration list for PBXNativeTarget "Landmaks" */;
			buildPhases = (
				BA09344E2BF71291000ACB40 /* Sources */,
				BA09344F2BF71291000ACB40 /* Frameworks */,
				BA0934502BF71291000ACB40 /* Resources */,
			);
			buildRules = (
			);
			dependencies = (
			);
			name = Landmaks;
			productName = Landmaks;
			productReference = BA0934522BF71291000ACB40 /* Landmaks.app */;
			productType = "com.apple.product-type.application";
		};
/* End PBXNativeTarget section */

/* Begin PBXProject section */
		BA09344A2BF71291000ACB40 /* Project object */ = {
			isa = PBXProject;
			attributes = {
				BuildIndependentTargetsInParallel = 1;
				LastSwiftUpdateCheck = 1530;
				LastUpgradeCheck = 1530;
				TargetAttributes = {
					BA0934512BF71291000ACB40 = {
						CreatedOnToolsVersion = 15.3;
					};
				};
			};
			buildConfigurationList = BA09344D2BF71291000ACB40 /* Build configuration list for PBXProject "Landmaks" */;
			compatibilityVersion = "Xcode 14.0";
			developmentRegion = en;
			hasScannedForEncodings = 0;
			knownRegions = (
				en,
				Base,
			);
			mainGroup = BA0934492BF71291000ACB40;
			productRefGroup = BA0934532BF71291000ACB40 /* Products */;
			projectDirPath = "";
			projectRoot = "";
			targets = (
				BA0934512BF71291000ACB40 /* Landmaks */,
			);
		};
/* End PBXProject section */

/* Begin PBXResourcesBuildPhase section */
		BA0934502BF71291000ACB40 /* Resources */ = {
			isa = PBXResourcesBuildPhase;
			buildActionMask = 2147483647;
			files = (
				BA09345F2BF71292000ACB40 /* Assets.xcassets in Resources */,
				BA09347D2BF72EF4000ACB40 /* landmarkData.json in Resources */,
				BA0934622BF71292000ACB40 /* Base in Resources */,
				BA09345D2BF71291000ACB40 /* Base in Resources */,
			);
			runOnlyForDeploymentPostprocessing = 0;
		};
/* End PBXResourcesBuildPhase section */

/* Begin PBXSourcesBuildPhase section */
		BA09344E2BF71291000ACB40 /* Sources */ = {
			isa = PBXSourcesBuildPhase;
			buildActionMask = 2147483647;
			files = (
				BA09345A2BF71291000ACB40 /* LandmaksViewController.swift in Sources */,
				BA0934712BF71A3E000ACB40 /* LandmaksViewModel.swift in Sources */,
				BA09347B2BF726D2000ACB40 /* LandmaksModel.swift in Sources */,
				BA0934792BF72376000ACB40 /* LandmaksViewLayouts.swift in Sources */,
				BA0934762BF7221B000ACB40 /* LandmaksEnum.swift in Sources */,
				BA0934562BF71291000ACB40 /* AppDelegate.swift in Sources */,
				BA0934732BF71A7E000ACB40 /* LandmaksCollectionViewCell.swift in Sources */,
				BA0934582BF71291000ACB40 /* SceneDelegate.swift in Sources */,
			);
			runOnlyForDeploymentPostprocessing = 0;
		};
/* End PBXSourcesBuildPhase section */

/* Begin PBXVariantGroup section */
		BA09345B2BF71291000ACB40 /* Main.storyboard */ = {
			isa = PBXVariantGroup;
			children = (
				BA09345C2BF71291000ACB40 /* Base */,
			);
			name = Main.storyboard;
			sourceTree = "<group>";
		};
		BA0934602BF71292000ACB40 /* LaunchScreen.storyboard */ = {
			isa = PBXVariantGroup;
			children = (
				BA0934612BF71292000ACB40 /* Base */,
			);
			name = LaunchScreen.storyboard;
			sourceTree = "<group>";
		};
/* End PBXVariantGroup section */

/* Begin XCBuildConfiguration section */
		BA0934642BF71292000ACB40 /* Debug */ = {
			isa = XCBuildConfiguration;
			buildSettings = {
				ALWAYS_SEARCH_USER_PATHS = NO;
				ASSETCATALOG_COMPILER_GENERATE_SWIFT_ASSET_SYMBOL_EXTENSIONS = YES;
				CLANG_ANALYZER_NONNULL = YES;
				CLANG_ANALYZER_NUMBER_OBJECT_CONVERSION = YES_AGGRESSIVE;
				CLANG_CXX_LANGUAGE_STANDARD = "gnu++20";
				CLANG_ENABLE_MODULES = YES;
				CLANG_ENABLE_OBJC_ARC = YES;
				CLANG_ENABLE_OBJC_WEAK = YES;
				CLANG_WARN_BLOCK_CAPTURE_AUTORELEASING = YES;
				CLANG_WARN_BOOL_CONVERSION = YES;
				CLANG_WARN_COMMA = YES;
				CLANG_WARN_CONSTANT_CONVERSION = YES;
				CLANG_WARN_DEPRECATED_OBJC_IMPLEMENTATIONS = YES;
				CLANG_WARN_DIRECT_OBJC_ISA_USAGE = YES_ERROR;
				CLANG_WARN_DOCUMENTATION_COMMENTS = YES;
				CLANG_WARN_EMPTY_BODY = YES;
				CLANG_WARN_ENUM_CONVERSION = YES;
				CLANG_WARN_INFINITE_RECURSION = YES;
				CLANG_WARN_INT_CONVERSION = YES;
				CLANG_WARN_NON_LITERAL_NULL_CONVERSION = YES;
				CLANG_WARN_OBJC_IMPLICIT_RETAIN_SELF = YES;
				CLANG_WARN_OBJC_LITERAL_CONVERSION = YES;
				CLANG_WARN_OBJC_ROOT_CLASS = YES_ERROR;
				CLANG_WARN_QUOTED_INCLUDE_IN_FRAMEWORK_HEADER = YES;
				CLANG_WARN_RANGE_LOOP_ANALYSIS = YES;
				CLANG_WARN_STRICT_PROTOTYPES = YES;
				CLANG_WARN_SUSPICIOUS_MOVE = YES;
				CLANG_WARN_UNGUARDED_AVAILABILITY = YES_AGGRESSIVE;
				CLANG_WARN_UNREACHABLE_CODE = YES;
				CLANG_WARN__DUPLICATE_METHOD_MATCH = YES;
				COPY_PHASE_STRIP = NO;
				DEBUG_INFORMATION_FORMAT = dwarf;
				ENABLE_STRICT_OBJC_MSGSEND = YES;
				ENABLE_TESTABILITY = YES;
				ENABLE_USER_SCRIPT_SANDBOXING = YES;
				GCC_C_LANGUAGE_STANDARD = gnu17;
				GCC_DYNAMIC_NO_PIC = NO;
				GCC_NO_COMMON_BLOCKS = YES;
				GCC_OPTIMIZATION_LEVEL = 0;
				GCC_PREPROCESSOR_DEFINITIONS = (
					"DEBUG=1",
					"$(inherited)",
				);
				GCC_WARN_64_TO_32_BIT_CONVERSION = YES;
				GCC_WARN_ABOUT_RETURN_TYPE = YES_ERROR;
				GCC_WARN_UNDECLARED_SELECTOR = YES;
				GCC_WARN_UNINITIALIZED_AUTOS = YES_AGGRESSIVE;
				GCC_WARN_UNUSED_FUNCTION = YES;
				GCC_WARN_UNUSED_VARIABLE = YES;
				IPHONEOS_DEPLOYMENT_TARGET = 17.4;
				LOCALIZATION_PREFERS_STRING_CATALOGS = YES;
				MTL_ENABLE_DEBUG_INFO = INCLUDE_SOURCE;
				MTL_FAST_MATH = YES;
				ONLY_ACTIVE_ARCH = YES;
				SDKROOT = iphoneos;
				SWIFT_ACTIVE_COMPILATION_CONDITIONS = "DEBUG $(inherited)";
				SWIFT_OPTIMIZATION_LEVEL = "-Onone";
			};
			name = Debug;
		};
		BA0934652BF71292000ACB40 /* Release */ = {
			isa = XCBuildConfiguration;
			buildSettings = {
				ALWAYS_SEARCH_USER_PATHS = NO;
				ASSETCATALOG_COMPILER_GENERATE_SWIFT_ASSET_SYMBOL_EXTENSIONS = YES;
				CLANG_ANALYZER_NONNULL = YES;
				CLANG_ANALYZER_NUMBER_OBJECT_CONVERSION = YES_AGGRESSIVE;
				CLANG_CXX_LANGUAGE_STANDARD = "gnu++20";
				CLANG_ENABLE_MODULES = YES;
				CLANG_ENABLE_OBJC_ARC = YES;
				CLANG_ENABLE_OBJC_WEAK = YES;
				CLANG_WARN_BLOCK_CAPTURE_AUTORELEASING = YES;
				CLANG_WARN_BOOL_CONVERSION = YES;
				CLANG_WARN_COMMA = YES;
				CLANG_WARN_CONSTANT_CONVERSION = YES;
				CLANG_WARN_DEPRECATED_OBJC_IMPLEMENTATIONS = YES;
				CLANG_WARN_DIRECT_OBJC_ISA_USAGE = YES_ERROR;
				CLANG_WARN_DOCUMENTATION_COMMENTS = YES;
				CLANG_WARN_EMPTY_BODY = YES;
				CLANG_WARN_ENUM_CONVERSION = YES;
				CLANG_WARN_INFINITE_RECURSION = YES;
				CLANG_WARN_INT_CONVERSION = YES;
				CLANG_WARN_NON_LITERAL_NULL_CONVERSION = YES;
				CLANG_WARN_OBJC_IMPLICIT_RETAIN_SELF = YES;
				CLANG_WARN_OBJC_LITERAL_CONVERSION = YES;
				CLANG_WARN_OBJC_ROOT_CLASS = YES_ERROR;
				CLANG_WARN_QUOTED_INCLUDE_IN_FRAMEWORK_HEADER = YES;
				CLANG_WARN_RANGE_LOOP_ANALYSIS = YES;
				CLANG_WARN_STRICT_PROTOTYPES = YES;
				CLANG_WARN_SUSPICIOUS_MOVE = YES;
				CLANG_WARN_UNGUARDED_AVAILABILITY = YES_AGGRESSIVE;
				CLANG_WARN_UNREACHABLE_CODE = YES;
				CLANG_WARN__DUPLICATE_METHOD_MATCH = YES;
				COPY_PHASE_STRIP = NO;
				DEBUG_INFORMATION_FORMAT = "dwarf-with-dsym";
				ENABLE_NS_ASSERTIONS = NO;
				ENABLE_STRICT_OBJC_MSGSEND = YES;
				ENABLE_USER_SCRIPT_SANDBOXING = YES;
				GCC_C_LANGUAGE_STANDARD = gnu17;
				GCC_NO_COMMON_BLOCKS = YES;
				GCC_WARN_64_TO_32_BIT_CONVERSION = YES;
				GCC_WARN_ABOUT_RETURN_TYPE = YES_ERROR;
				GCC_WARN_UNDECLARED_SELECTOR = YES;
				GCC_WARN_UNINITIALIZED_AUTOS = YES_AGGRESSIVE;
				GCC_WARN_UNUSED_FUNCTION = YES;
				GCC_WARN_UNUSED_VARIABLE = YES;
				IPHONEOS_DEPLOYMENT_TARGET = 17.4;
				LOCALIZATION_PREFERS_STRING_CATALOGS = YES;
				MTL_ENABLE_DEBUG_INFO = NO;
				MTL_FAST_MATH = YES;
				SDKROOT = iphoneos;
				SWIFT_COMPILATION_MODE = wholemodule;
				VALIDATE_PRODUCT = YES;
			};
			name = Release;
		};
		BA0934672BF71292000ACB40 /* Debug */ = {
			isa = XCBuildConfiguration;
			buildSettings = {
				ASSETCATALOG_COMPILER_APPICON_NAME = AppIcon;
				ASSETCATALOG_COMPILER_GLOBAL_ACCENT_COLOR_NAME = AccentColor;
				CODE_SIGN_STYLE = Automatic;
				CURRENT_PROJECT_VERSION = 1;
				DEVELOPMENT_TEAM = NS9BQQQNV5;
				GENERATE_INFOPLIST_FILE = YES;
				INFOPLIST_FILE = Landmaks/Info.plist;
				INFOPLIST_KEY_UIApplicationSupportsIndirectInputEvents = YES;
				INFOPLIST_KEY_UILaunchStoryboardName = LaunchScreen;
				INFOPLIST_KEY_UIMainStoryboardFile = Main;
				INFOPLIST_KEY_UISupportedInterfaceOrientations_iPad = "UIInterfaceOrientationPortrait UIInterfaceOrientationPortraitUpsideDown UIInterfaceOrientationLandscapeLeft UIInterfaceOrientationLandscapeRight";
				INFOPLIST_KEY_UISupportedInterfaceOrientations_iPhone = "UIInterfaceOrientationPortrait UIInterfaceOrientationLandscapeLeft UIInterfaceOrientationLandscapeRight";
				LD_RUNPATH_SEARCH_PATHS = (
					"$(inherited)",
					"@executable_path/Frameworks",
				);
				MARKETING_VERSION = 1.0;
				PRODUCT_BUNDLE_IDENTIFIER = com.mehed1hasan.bs23.Landmaks;
				PRODUCT_NAME = "$(TARGET_NAME)";
				SWIFT_EMIT_LOC_STRINGS = YES;
				SWIFT_VERSION = 5.0;
				TARGETED_DEVICE_FAMILY = "1,2";
			};
			name = Debug;
		};
		BA0934682BF71292000ACB40 /* Release */ = {
			isa = XCBuildConfiguration;
			buildSettings = {
				ASSETCATALOG_COMPILER_APPICON_NAME = AppIcon;
				ASSETCATALOG_COMPILER_GLOBAL_ACCENT_COLOR_NAME = AccentColor;
				CODE_SIGN_STYLE = Automatic;
				CURRENT_PROJECT_VERSION = 1;
				DEVELOPMENT_TEAM = NS9BQQQNV5;
				GENERATE_INFOPLIST_FILE = YES;
				INFOPLIST_FILE = Landmaks/Info.plist;
				INFOPLIST_KEY_UIApplicationSupportsIndirectInputEvents = YES;
				INFOPLIST_KEY_UILaunchStoryboardName = LaunchScreen;
				INFOPLIST_KEY_UIMainStoryboardFile = Main;
				INFOPLIST_KEY_UISupportedInterfaceOrientations_iPad = "UIInterfaceOrientationPortrait UIInterfaceOrientationPortraitUpsideDown UIInterfaceOrientationLandscapeLeft UIInterfaceOrientationLandscapeRight";
				INFOPLIST_KEY_UISupportedInterfaceOrientations_iPhone = "UIInterfaceOrientationPortrait UIInterfaceOrientationLandscapeLeft UIInterfaceOrientationLandscapeRight";
				LD_RUNPATH_SEARCH_PATHS = (
					"$(inherited)",
					"@executable_path/Frameworks",
				);
				MARKETING_VERSION = 1.0;
				PRODUCT_BUNDLE_IDENTIFIER = com.mehed1hasan.bs23.Landmaks;
				PRODUCT_NAME = "$(TARGET_NAME)";
				SWIFT_EMIT_LOC_STRINGS = YES;
				SWIFT_VERSION = 5.0;
				TARGETED_DEVICE_FAMILY = "1,2";
			};
			name = Release;
		};
/* End XCBuildConfiguration section */

/* Begin XCConfigurationList section */
		BA09344D2BF71291000ACB40 /* Build configuration list for PBXProject "Landmaks" */ = {
			isa = XCConfigurationList;
			buildConfigurations = (
				BA0934642BF71292000ACB40 /* Debug */,
				BA0934652BF71292000ACB40 /* Release */,
			);
			defaultConfigurationIsVisible = 0;
			defaultConfigurationName = Release;
		};
		BA0934662BF71292000ACB40 /* Build configuration list for PBXNativeTarget "Landmaks" */ = {
			isa = XCConfigurationList;
			buildConfigurations = (
				BA0934672BF71292000ACB40 /* Debug */,
				BA0934682BF71292000ACB40 /* Release */,
			);
			defaultConfigurationIsVisible = 0;
			defaultConfigurationName = Release;
		};
/* End XCConfigurationList section */
	};
	rootObject = BA09344A2BF71291000ACB40 /* Project object */;
}
